// !$*UTF8*$!
{
	archiveVersion = 1;
	classes = {
	};
	objectVersion = 56;
	objects = {

/* Begin PBXBuildFile section */
		A1000001001 /* CareerCompanionApp.swift in Sources */ = {isa = PBXBuildFile; fileRef = A2000001001 /* CareerCompanionApp.swift */; };
		A1000002001 /* CloudKitRecordable.swift in Sources */ = {isa = PBXBuildFile; fileRef = A2000002001 /* CloudKitRecordable.swift */; };
		A1000002002 /* CloudKitManager.swift in Sources */ = {isa = PBXBuildFile; fileRef = A2000002002 /* CloudKitManager.swift */; };
		A1000003001 /* Enums.swift in Sources */ = {isa = PBXBuildFile; fileRef = A2000003001 /* Enums.swift */; };
		A1000003002 /* Manager.swift in Sources */ = {isa = PBXBuildFile; fileRef = A2000003002 /* Manager.swift */; };
		A1000003003 /* Meeting.swift in Sources */ = {isa = PBXBuildFile; fileRef = A2000003003 /* Meeting.swift */; };
		A1000003004 /* AgendaItem.swift in Sources */ = {isa = PBXBuildFile; fileRef = A2000003004 /* AgendaItem.swift */; };
		A1000003005 /* ActionItem.swift in Sources */ = {isa = PBXBuildFile; fileRef = A2000003005 /* ActionItem.swift */; };
		A1000003006 /* CareerGoal.swift in Sources */ = {isa = PBXBuildFile; fileRef = A2000003006 /* CareerGoal.swift */; };
		A1000003007 /* Achievement.swift in Sources */ = {isa = PBXBuildFile; fileRef = A2000003007 /* Achievement.swift */; };
		A1000003008 /* AppSettings.swift in Sources */ = {isa = PBXBuildFile; fileRef = A2000003008 /* AppSettings.swift */; };
		A1000003009 /* RecurrenceRule.swift in Sources */ = {isa = PBXBuildFile; fileRef = A2000003009 /* RecurrenceRule.swift */; };
		A1000006009 /* CustomRecurrencePicker.swift in Sources */ = {isa = PBXBuildFile; fileRef = A2000006009 /* CustomRecurrencePicker.swift */; };
		A1000004001 /* Colors.swift in Sources */ = {isa = PBXBuildFile; fileRef = A2000004001 /* Colors.swift */; };
		A1000004002 /* Typography.swift in Sources */ = {isa = PBXBuildFile; fileRef = A2000004002 /* Typography.swift */; };
		A1000004003 /* Spacing.swift in Sources */ = {isa = PBXBuildFile; fileRef = A2000004003 /* Spacing.swift */; };
		A1000004004 /* Theme.swift in Sources */ = {isa = PBXBuildFile; fileRef = A2000004004 /* Theme.swift */; };
		A1000004101 /* Card.swift in Sources */ = {isa = PBXBuildFile; fileRef = A2000004101 /* Card.swift */; };
		A1000004102 /* EmptyState.swift in Sources */ = {isa = PBXBuildFile; fileRef = A2000004102 /* EmptyState.swift */; };
		A1000004103 /* ProgressRing.swift in Sources */ = {isa = PBXBuildFile; fileRef = A2000004103 /* ProgressRing.swift */; };
		A1000004104 /* SentimentPicker.swift in Sources */ = {isa = PBXBuildFile; fileRef = A2000004104 /* SentimentPicker.swift */; };
		A1000005001 /* HomeView.swift in Sources */ = {isa = PBXBuildFile; fileRef = A2000005001 /* HomeView.swift */; };
		A1000005002 /* HomeViewModel.swift in Sources */ = {isa = PBXBuildFile; fileRef = A2000005002 /* HomeViewModel.swift */; };
		A1000005003 /* ActionItemsSection.swift in Sources */ = {isa = PBXBuildFile; fileRef = A2000005003 /* ActionItemsSection.swift */; };
		A1000005004 /* UpcomingMeetingCard.swift in Sources */ = {isa = PBXBuildFile; fileRef = A2000005004 /* UpcomingMeetingCard.swift */; };
		A1000005005 /* CareerProgressCard.swift in Sources */ = {isa = PBXBuildFile; fileRef = A2000005005 /* CareerProgressCard.swift */; };
		A1000005006 /* ICDashboardView.swift in Sources */ = {isa = PBXBuildFile; fileRef = A2000005006 /* ICDashboardView.swift */; };
		A1000005007 /* ManagerDashboardView.swift in Sources */ = {isa = PBXBuildFile; fileRef = A2000005007 /* ManagerDashboardView.swift */; };
		A1000006001 /* MeetingsListView.swift in Sources */ = {isa = PBXBuildFile; fileRef = A2000006001 /* MeetingsListView.swift */; };
		A1000006002 /* MeetingsViewModel.swift in Sources */ = {isa = PBXBuildFile; fileRef = A2000006002 /* MeetingsViewModel.swift */; };
		A1000006003 /* AgendaBuilderView.swift in Sources */ = {isa = PBXBuildFile; fileRef = A2000006003 /* AgendaBuilderView.swift */; };
		A1000006004 /* AgendaBuilderViewModel.swift in Sources */ = {isa = PBXBuildFile; fileRef = A2000006004 /* AgendaBuilderViewModel.swift */; };
		A1000006005 /* ShareAgendaView.swift in Sources */ = {isa = PBXBuildFile; fileRef = A2000006005 /* ShareAgendaView.swift */; };
		A1000006006 /* ActiveMeetingView.swift in Sources */ = {isa = PBXBuildFile; fileRef = A2000006006 /* ActiveMeetingView.swift */; };
		A1000006007 /* ActiveMeetingViewModel.swift in Sources */ = {isa = PBXBuildFile; fileRef = A2000006007 /* ActiveMeetingViewModel.swift */; };
		A1000006008 /* MeetingDetailView.swift in Sources */ = {isa = PBXBuildFile; fileRef = A2000006008 /* MeetingDetailView.swift */; };
		A1000007001 /* ActionItemsListView.swift in Sources */ = {isa = PBXBuildFile; fileRef = A2000007001 /* ActionItemsListView.swift */; };
		A1000007002 /* ActionItemsViewModel.swift in Sources */ = {isa = PBXBuildFile; fileRef = A2000007002 /* ActionItemsViewModel.swift */; };
		A1000007003 /* ActionItemDetailView.swift in Sources */ = {isa = PBXBuildFile; fileRef = A2000007003 /* ActionItemDetailView.swift */; };
		A1000007004 /* AddActionItemView.swift in Sources */ = {isa = PBXBuildFile; fileRef = A2000007004 /* AddActionItemView.swift */; };
		A1000008001 /* CareerHomeView.swift in Sources */ = {isa = PBXBuildFile; fileRef = A2000008001 /* CareerHomeView.swift */; };
		A1000008002 /* CareerHomeViewModel.swift in Sources */ = {isa = PBXBuildFile; fileRef = A2000008002 /* CareerHomeViewModel.swift */; };
		A1000008003 /* GoalsListView.swift in Sources */ = {isa = PBXBuildFile; fileRef = A2000008003 /* GoalsListView.swift */; };
		A1000008004 /* GoalDetailView.swift in Sources */ = {isa = PBXBuildFile; fileRef = A2000008004 /* GoalDetailView.swift */; };
		A1000008005 /* AddGoalView.swift in Sources */ = {isa = PBXBuildFile; fileRef = A2000008005 /* AddGoalView.swift */; };
		A1000008006 /* AchievementDetailView.swift in Sources */ = {isa = PBXBuildFile; fileRef = A2000008006 /* AchievementDetailView.swift */; };
		A1000008007 /* AddAchievementView.swift in Sources */ = {isa = PBXBuildFile; fileRef = A2000008007 /* AddAchievementView.swift */; };
		A1000008008 /* ReportBuilderView.swift in Sources */ = {isa = PBXBuildFile; fileRef = A2000008008 /* ReportBuilderView.swift */; };
		A1000009001 /* SettingsView.swift in Sources */ = {isa = PBXBuildFile; fileRef = A2000009001 /* SettingsView.swift */; };
		A1000009002 /* OnboardingView.swift in Sources */ = {isa = PBXBuildFile; fileRef = A2000009002 /* OnboardingView.swift */; };
		A1000009003 /* DemoModeSheet.swift in Sources */ = {isa = PBXBuildFile; fileRef = A2000009003 /* DemoModeSheet.swift */; };
		A1000009004 /* SplashScreenView.swift in Sources */ = {isa = PBXBuildFile; fileRef = A2000009004 /* SplashScreenView.swift */; };
		A100000A001 /* Assets.xcassets in Resources */ = {isa = PBXBuildFile; fileRef = A200000A001 /* Assets.xcassets */; };
		A100010001 /* CareerCompanion/Core/DemoData/DemoDataProvider.swift in Sources */ = {isa = PBXBuildFile; fileRef = A200010001 /* CareerCompanion/Core/DemoData/DemoDataProvider.swift */; };
		A100011001 /* ExportImportService.swift in Sources */ = {isa = PBXBuildFile; fileRef = A200011001 /* ExportImportService.swift */; };
		A100011002 /* ExportView.swift in Sources */ = {isa = PBXBuildFile; fileRef = A200011002 /* ExportView.swift */; };
		A100011003 /* ImportView.swift in Sources */ = {isa = PBXBuildFile; fileRef = A200011003 /* ImportView.swift */; };
		A100011004 /* CalendarManager.swift in Sources */ = {isa = PBXBuildFile; fileRef = A200011004 /* CalendarManager.swift */; };
		A100011005 /* AIManager.swift in Sources */ = {isa = PBXBuildFile; fileRef = A200011005 /* AIManager.swift */; };
		A100011006 /* AppIntents.swift in Sources */ = {isa = PBXBuildFile; fileRef = A200011006 /* AppIntents.swift */; };
		A100011007 /* ShortcutsManager.swift in Sources */ = {isa = PBXBuildFile; fileRef = A200011007 /* ShortcutsManager.swift */; };
		A100011008 /* ManageTypesView.swift in Sources */ = {isa = PBXBuildFile; fileRef = A200011008 /* ManageTypesView.swift */; };
		A100011009 /* WatchSessionManager.swift in Sources */ = {isa = PBXBuildFile; fileRef = A200011009 /* WatchSessionManager.swift */; };
		A100012001 /* PremiumFeatures.swift in Sources */ = {isa = PBXBuildFile; fileRef = A200012001 /* PremiumFeatures.swift */; };
		A100012002 /* SubscriptionManager.swift in Sources */ = {isa = PBXBuildFile; fileRef = A200012002 /* SubscriptionManager.swift */; };
		A100012003 /* UpgradeView.swift in Sources */ = {isa = PBXBuildFile; fileRef = A200012003 /* UpgradeView.swift */; };
		A100012004 /* UpgradePromptSheet.swift in Sources */ = {isa = PBXBuildFile; fileRef = A200012004 /* UpgradePromptSheet.swift */; };
		A100012005 /* PremiumSettingsSection.swift in Sources */ = {isa = PBXBuildFile; fileRef = A200012005 /* PremiumSettingsSection.swift */; };
		A100013001 /* PersonRow.swift in Sources */ = {isa = PBXBuildFile; fileRef = A200013001 /* PersonRow.swift */; };
		A100013002 /* AddPersonView.swift in Sources */ = {isa = PBXBuildFile; fileRef = A200013002 /* AddPersonView.swift */; };
		A100013003 /* PeopleListView.swift in Sources */ = {isa = PBXBuildFile; fileRef = A200013003 /* PeopleListView.swift */; };
		A100013004 /* MeetingExportService.swift in Sources */ = {isa = PBXBuildFile; fileRef = A200013004 /* MeetingExportService.swift */; };
		A1000006010 /* ExportMeetingView.swift in Sources */ = {isa = PBXBuildFile; fileRef = A2000006010 /* ExportMeetingView.swift */; };
		A1000006011 /* QuickExportButton.swift in Sources */ = {isa = PBXBuildFile; fileRef = A2000006011 /* QuickExportButton.swift */; };
		A100013005 /* ExportSettingsSection.swift in Sources */ = {isa = PBXBuildFile; fileRef = A200013005 /* ExportSettingsSection.swift */; };
		A100013006 /* NoteImprovement.swift in Sources */ = {isa = PBXBuildFile; fileRef = A200013006 /* NoteImprovement.swift */; };
		A1000006012 /* ImprovementPreviewSheet.swift in Sources */ = {isa = PBXBuildFile; fileRef = A2000006012 /* ImprovementPreviewSheet.swift */; };
		A1000006013 /* SmartNotesSheet.swift in Sources */ = {isa = PBXBuildFile; fileRef = A2000006013 /* SmartNotesSheet.swift */; };
		A100014001 /* SDManager.swift in Sources */ = {isa = PBXBuildFile; fileRef = A200014001 /* SDManager.swift */; };
		A100014002 /* SDMeeting.swift in Sources */ = {isa = PBXBuildFile; fileRef = A200014002 /* SDMeeting.swift */; };
		A100014003 /* SDAgendaItem.swift in Sources */ = {isa = PBXBuildFile; fileRef = A200014003 /* SDAgendaItem.swift */; };
		A100014004 /* SDActionItem.swift in Sources */ = {isa = PBXBuildFile; fileRef = A200014004 /* SDActionItem.swift */; };
		A100014005 /* SDCareerGoal.swift in Sources */ = {isa = PBXBuildFile; fileRef = A200014005 /* SDCareerGoal.swift */; };
		A100014006 /* SDAchievement.swift in Sources */ = {isa = PBXBuildFile; fileRef = A200014006 /* SDAchievement.swift */; };
		A100014007 /* DataManager.swift in Sources */ = {isa = PBXBuildFile; fileRef = A200014007 /* DataManager.swift */; };
		B1000001001 /* WidgetBundle.swift in Sources */ = {isa = PBXBuildFile; fileRef = B2000001001 /* WidgetBundle.swift */; };
		B1000001002 /* ActionItemsWidget.swift in Sources */ = {isa = PBXBuildFile; fileRef = B2000001002 /* ActionItemsWidget.swift */; };
		B1000001003 /* NextMeetingWidget.swift in Sources */ = {isa = PBXBuildFile; fileRef = B2000001003 /* NextMeetingWidget.swift */; };
		B1000001004 /* CareerGoalsWidget.swift in Sources */ = {isa = PBXBuildFile; fileRef = B2000001004 /* CareerGoalsWidget.swift */; };
		B1000002001 /* CloudKitRecordable.swift in Sources */ = {isa = PBXBuildFile; fileRef = A2000002001 /* CloudKitRecordable.swift */; };
		B1000002002 /* CloudKitManager.swift in Sources */ = {isa = PBXBuildFile; fileRef = A2000002002 /* CloudKitManager.swift */; };
		B1000003001 /* Enums.swift in Sources */ = {isa = PBXBuildFile; fileRef = A2000003001 /* Enums.swift */; };
		B1000003002 /* Manager.swift in Sources */ = {isa = PBXBuildFile; fileRef = A2000003002 /* Manager.swift */; };
		B1000003003 /* Meeting.swift in Sources */ = {isa = PBXBuildFile; fileRef = A2000003003 /* Meeting.swift */; };
		B1000003005 /* ActionItem.swift in Sources */ = {isa = PBXBuildFile; fileRef = A2000003005 /* ActionItem.swift */; };
		B1000003006 /* CareerGoal.swift in Sources */ = {isa = PBXBuildFile; fileRef = A2000003006 /* CareerGoal.swift */; };
		B1000003009 /* RecurrenceRule.swift in Sources */ = {isa = PBXBuildFile; fileRef = A2000003009 /* RecurrenceRule.swift */; };
		B1000009001 /* CareerCompanionWidgetExtension.appex in Embed Foundation Extensions */ = {isa = PBXBuildFile; fileRef = B3000001001 /* CareerCompanionWidgetExtension.appex */; settings = {ATTRIBUTES = (RemoveHeadersOnCopy, ); }; };
		W1000001001 /* CareerCompanionWatchApp.swift in Sources */ = {isa = PBXBuildFile; fileRef = W2000001001 /* CareerCompanionWatchApp.swift */; };
		W1000001002 /* WatchHomeView.swift in Sources */ = {isa = PBXBuildFile; fileRef = W2000001002 /* WatchHomeView.swift */; };
		W1000001004 /* WatchMeetingDetailView.swift in Sources */ = {isa = PBXBuildFile; fileRef = W2000001004 /* WatchMeetingDetailView.swift */; };
		W1000001007 /* WatchSessionManager.swift in Sources */ = {isa = PBXBuildFile; fileRef = W2000001007 /* WatchSessionManager.swift */; };
		W1000002001 /* CloudKitRecordable.swift in Sources */ = {isa = PBXBuildFile; fileRef = A2000002001 /* CloudKitRecordable.swift */; };
		W1000002002 /* CloudKitManager.swift in Sources */ = {isa = PBXBuildFile; fileRef = A2000002002 /* CloudKitManager.swift */; };
		W1000003001 /* Enums.swift in Sources */ = {isa = PBXBuildFile; fileRef = A2000003001 /* Enums.swift */; };
		W1000003002 /* Manager.swift in Sources */ = {isa = PBXBuildFile; fileRef = A2000003002 /* Manager.swift */; };
		W1000003003 /* Meeting.swift in Sources */ = {isa = PBXBuildFile; fileRef = A2000003003 /* Meeting.swift */; };
		W1000003005 /* ActionItem.swift in Sources */ = {isa = PBXBuildFile; fileRef = A2000003005 /* ActionItem.swift */; };
		W1000003008 /* AppSettings.swift in Sources */ = {isa = PBXBuildFile; fileRef = A2000003008 /* AppSettings.swift */; };
		W1000003009 /* RecurrenceRule.swift in Sources */ = {isa = PBXBuildFile; fileRef = A2000003009 /* RecurrenceRule.swift */; };
		W100000A001 /* Assets.xcassets in Resources */ = {isa = PBXBuildFile; fileRef = W200000A001 /* Assets.xcassets */; };
		W1000010001 /* CareerCompanion/Core/DemoData/DemoDataProvider.swift in Sources */ = {isa = PBXBuildFile; fileRef = A200010001 /* CareerCompanion/Core/DemoData/DemoDataProvider.swift */; };
/* End PBXBuildFile section */

/* Begin PBXContainerItemProxy section */
		B4000001001 /* PBXContainerItemProxy */ = {
			isa = PBXContainerItemProxy;
			containerPortal = C1000001001 /* Project object */;
			proxyType = 1;
			remoteGlobalIDString = B3000002001;
			remoteInfo = CareerCompanionWidgetExtension;
		};
/* End PBXContainerItemProxy section */

/* Begin PBXCopyFilesBuildPhase section */
		B5000001001 /* Embed Foundation Extensions */ = {
			isa = PBXCopyFilesBuildPhase;
			buildActionMask = 2147483647;
			dstPath = "";
			dstSubfolderSpec = 13;
			files = (
				B1000009001 /* CareerCompanionWidgetExtension.appex in Embed Foundation Extensions */,
			);
			name = "Embed Foundation Extensions";
			runOnlyForDeploymentPostprocessing = 0;
		};
/* End PBXCopyFilesBuildPhase section */

/* Begin PBXFileReference section */
		A2000001001 /* CareerCompanionApp.swift */ = {isa = PBXFileReference; lastKnownFileType = sourcecode.swift; path = CareerCompanionApp.swift; sourceTree = "<group>"; };
		A2000002001 /* CloudKitRecordable.swift */ = {isa = PBXFileReference; lastKnownFileType = sourcecode.swift; path = CloudKitRecordable.swift; sourceTree = "<group>"; };
		A2000002002 /* CloudKitManager.swift */ = {isa = PBXFileReference; lastKnownFileType = sourcecode.swift; path = CloudKitManager.swift; sourceTree = "<group>"; };
		A2000003001 /* Enums.swift */ = {isa = PBXFileReference; lastKnownFileType = sourcecode.swift; path = Enums.swift; sourceTree = "<group>"; };
		A2000003002 /* Manager.swift */ = {isa = PBXFileReference; lastKnownFileType = sourcecode.swift; path = Manager.swift; sourceTree = "<group>"; };
		A2000003003 /* Meeting.swift */ = {isa = PBXFileReference; lastKnownFileType = sourcecode.swift; path = Meeting.swift; sourceTree = "<group>"; };
		A2000003004 /* AgendaItem.swift */ = {isa = PBXFileReference; lastKnownFileType = sourcecode.swift; path = AgendaItem.swift; sourceTree = "<group>"; };
		A2000003005 /* ActionItem.swift */ = {isa = PBXFileReference; lastKnownFileType = sourcecode.swift; path = ActionItem.swift; sourceTree = "<group>"; };
		A2000003006 /* CareerGoal.swift */ = {isa = PBXFileReference; lastKnownFileType = sourcecode.swift; path = CareerGoal.swift; sourceTree = "<group>"; };
		A2000003007 /* Achievement.swift */ = {isa = PBXFileReference; lastKnownFileType = sourcecode.swift; path = Achievement.swift; sourceTree = "<group>"; };
		A2000003008 /* AppSettings.swift */ = {isa = PBXFileReference; lastKnownFileType = sourcecode.swift; path = AppSettings.swift; sourceTree = "<group>"; };
		A2000003009 /* RecurrenceRule.swift */ = {isa = PBXFileReference; lastKnownFileType = sourcecode.swift; path = RecurrenceRule.swift; sourceTree = "<group>"; };
		A2000004001 /* Colors.swift */ = {isa = PBXFileReference; lastKnownFileType = sourcecode.swift; path = Colors.swift; sourceTree = "<group>"; };
		A2000004002 /* Typography.swift */ = {isa = PBXFileReference; lastKnownFileType = sourcecode.swift; path = Typography.swift; sourceTree = "<group>"; };
		A2000004003 /* Spacing.swift */ = {isa = PBXFileReference; lastKnownFileType = sourcecode.swift; path = Spacing.swift; sourceTree = "<group>"; };
		A2000004004 /* Theme.swift */ = {isa = PBXFileReference; lastKnownFileType = sourcecode.swift; path = Theme.swift; sourceTree = "<group>"; };
		A2000004101 /* Card.swift */ = {isa = PBXFileReference; lastKnownFileType = sourcecode.swift; path = Card.swift; sourceTree = "<group>"; };
		A2000004102 /* EmptyState.swift */ = {isa = PBXFileReference; lastKnownFileType = sourcecode.swift; path = EmptyState.swift; sourceTree = "<group>"; };
		A2000004103 /* ProgressRing.swift */ = {isa = PBXFileReference; lastKnownFileType = sourcecode.swift; path = ProgressRing.swift; sourceTree = "<group>"; };
		A2000004104 /* SentimentPicker.swift */ = {isa = PBXFileReference; lastKnownFileType = sourcecode.swift; path = SentimentPicker.swift; sourceTree = "<group>"; };
		A2000005001 /* HomeView.swift */ = {isa = PBXFileReference; lastKnownFileType = sourcecode.swift; path = HomeView.swift; sourceTree = "<group>"; };
		A2000005002 /* HomeViewModel.swift */ = {isa = PBXFileReference; lastKnownFileType = sourcecode.swift; path = HomeViewModel.swift; sourceTree = "<group>"; };
		A2000005003 /* ActionItemsSection.swift */ = {isa = PBXFileReference; lastKnownFileType = sourcecode.swift; path = ActionItemsSection.swift; sourceTree = "<group>"; };
		A2000005004 /* UpcomingMeetingCard.swift */ = {isa = PBXFileReference; lastKnownFileType = sourcecode.swift; path = UpcomingMeetingCard.swift; sourceTree = "<group>"; };
		A2000005005 /* CareerProgressCard.swift */ = {isa = PBXFileReference; lastKnownFileType = sourcecode.swift; path = CareerProgressCard.swift; sourceTree = "<group>"; };
		A2000005006 /* ICDashboardView.swift */ = {isa = PBXFileReference; lastKnownFileType = sourcecode.swift; path = ICDashboardView.swift; sourceTree = "<group>"; };
		A2000005007 /* ManagerDashboardView.swift */ = {isa = PBXFileReference; lastKnownFileType = sourcecode.swift; path = ManagerDashboardView.swift; sourceTree = "<group>"; };
		A2000006001 /* MeetingsListView.swift */ = {isa = PBXFileReference; lastKnownFileType = sourcecode.swift; path = MeetingsListView.swift; sourceTree = "<group>"; };
		A2000006002 /* MeetingsViewModel.swift */ = {isa = PBXFileReference; lastKnownFileType = sourcecode.swift; path = MeetingsViewModel.swift; sourceTree = "<group>"; };
		A2000006003 /* AgendaBuilderView.swift */ = {isa = PBXFileReference; lastKnownFileType = sourcecode.swift; path = AgendaBuilderView.swift; sourceTree = "<group>"; };
		A2000006004 /* AgendaBuilderViewModel.swift */ = {isa = PBXFileReference; lastKnownFileType = sourcecode.swift; path = AgendaBuilderViewModel.swift; sourceTree = "<group>"; };
		A2000006005 /* ShareAgendaView.swift */ = {isa = PBXFileReference; lastKnownFileType = sourcecode.swift; path = ShareAgendaView.swift; sourceTree = "<group>"; };
		A2000006006 /* ActiveMeetingView.swift */ = {isa = PBXFileReference; lastKnownFileType = sourcecode.swift; path = ActiveMeetingView.swift; sourceTree = "<group>"; };
		A2000006007 /* ActiveMeetingViewModel.swift */ = {isa = PBXFileReference; lastKnownFileType = sourcecode.swift; path = ActiveMeetingViewModel.swift; sourceTree = "<group>"; };
		A2000006008 /* MeetingDetailView.swift */ = {isa = PBXFileReference; lastKnownFileType = sourcecode.swift; path = MeetingDetailView.swift; sourceTree = "<group>"; };
		A2000006009 /* CustomRecurrencePicker.swift */ = {isa = PBXFileReference; lastKnownFileType = sourcecode.swift; path = CustomRecurrencePicker.swift; sourceTree = "<group>"; };
		A2000007001 /* ActionItemsListView.swift */ = {isa = PBXFileReference; lastKnownFileType = sourcecode.swift; path = ActionItemsListView.swift; sourceTree = "<group>"; };
		A2000007002 /* ActionItemsViewModel.swift */ = {isa = PBXFileReference; lastKnownFileType = sourcecode.swift; path = ActionItemsViewModel.swift; sourceTree = "<group>"; };
		A2000007003 /* ActionItemDetailView.swift */ = {isa = PBXFileReference; lastKnownFileType = sourcecode.swift; path = ActionItemDetailView.swift; sourceTree = "<group>"; };
		A2000007004 /* AddActionItemView.swift */ = {isa = PBXFileReference; lastKnownFileType = sourcecode.swift; path = AddActionItemView.swift; sourceTree = "<group>"; };
		A2000008001 /* CareerHomeView.swift */ = {isa = PBXFileReference; lastKnownFileType = sourcecode.swift; path = CareerHomeView.swift; sourceTree = "<group>"; };
		A2000008002 /* CareerHomeViewModel.swift */ = {isa = PBXFileReference; lastKnownFileType = sourcecode.swift; path = CareerHomeViewModel.swift; sourceTree = "<group>"; };
		A2000008003 /* GoalsListView.swift */ = {isa = PBXFileReference; lastKnownFileType = sourcecode.swift; path = GoalsListView.swift; sourceTree = "<group>"; };
		A2000008004 /* GoalDetailView.swift */ = {isa = PBXFileReference; lastKnownFileType = sourcecode.swift; path = GoalDetailView.swift; sourceTree = "<group>"; };
		A2000008005 /* AddGoalView.swift */ = {isa = PBXFileReference; lastKnownFileType = sourcecode.swift; path = AddGoalView.swift; sourceTree = "<group>"; };
		A2000008006 /* AchievementDetailView.swift */ = {isa = PBXFileReference; lastKnownFileType = sourcecode.swift; path = AchievementDetailView.swift; sourceTree = "<group>"; };
		A2000008007 /* AddAchievementView.swift */ = {isa = PBXFileReference; lastKnownFileType = sourcecode.swift; path = AddAchievementView.swift; sourceTree = "<group>"; };
		A2000008008 /* ReportBuilderView.swift */ = {isa = PBXFileReference; lastKnownFileType = sourcecode.swift; path = ReportBuilderView.swift; sourceTree = "<group>"; };
		A2000009001 /* SettingsView.swift */ = {isa = PBXFileReference; lastKnownFileType = sourcecode.swift; path = SettingsView.swift; sourceTree = "<group>"; };
		A2000009002 /* OnboardingView.swift */ = {isa = PBXFileReference; lastKnownFileType = sourcecode.swift; path = OnboardingView.swift; sourceTree = "<group>"; };
		A2000009003 /* DemoModeSheet.swift */ = {isa = PBXFileReference; lastKnownFileType = sourcecode.swift; path = DemoModeSheet.swift; sourceTree = "<group>"; };
		A2000009004 /* SplashScreenView.swift */ = {isa = PBXFileReference; lastKnownFileType = sourcecode.swift; path = SplashScreenView.swift; sourceTree = "<group>"; };
		A200000A001 /* Assets.xcassets */ = {isa = PBXFileReference; lastKnownFileType = folder.assetcatalog; path = Assets.xcassets; sourceTree = "<group>"; };
		A200000B001 /* Info.plist */ = {isa = PBXFileReference; lastKnownFileType = text.plist.xml; path = Info.plist; sourceTree = "<group>"; };
		A200000C001 /* CareerCompanion.entitlements */ = {isa = PBXFileReference; lastKnownFileType = text.plist.entitlements; path = CareerCompanion.entitlements; sourceTree = "<group>"; };
		A200010001 /* CareerCompanion/Core/DemoData/DemoDataProvider.swift */ = {isa = PBXFileReference; lastKnownFileType = sourcecode.swift; path = CareerCompanion/Core/DemoData/DemoDataProvider.swift; sourceTree = SOURCE_ROOT; };
		A200011001 /* ExportImportService.swift */ = {isa = PBXFileReference; lastKnownFileType = sourcecode.swift; path = ExportImportService.swift; sourceTree = "<group>"; };
		A200011002 /* ExportView.swift */ = {isa = PBXFileReference; lastKnownFileType = sourcecode.swift; path = ExportView.swift; sourceTree = "<group>"; };
		A200011003 /* ImportView.swift */ = {isa = PBXFileReference; lastKnownFileType = sourcecode.swift; path = ImportView.swift; sourceTree = "<group>"; };
		A200011004 /* CalendarManager.swift */ = {isa = PBXFileReference; lastKnownFileType = sourcecode.swift; path = CalendarManager.swift; sourceTree = "<group>"; };
		A200011005 /* AIManager.swift */ = {isa = PBXFileReference; lastKnownFileType = sourcecode.swift; path = AIManager.swift; sourceTree = "<group>"; };
		A200011006 /* AppIntents.swift */ = {isa = PBXFileReference; lastKnownFileType = sourcecode.swift; path = AppIntents.swift; sourceTree = "<group>"; };
		A200011007 /* ShortcutsManager.swift */ = {isa = PBXFileReference; lastKnownFileType = sourcecode.swift; path = ShortcutsManager.swift; sourceTree = "<group>"; };
		A200011008 /* ManageTypesView.swift */ = {isa = PBXFileReference; lastKnownFileType = sourcecode.swift; path = ManageTypesView.swift; sourceTree = "<group>"; };
		A200011009 /* WatchSessionManager.swift */ = {isa = PBXFileReference; lastKnownFileType = sourcecode.swift; path = WatchSessionManager.swift; sourceTree = "<group>"; };
		A200012001 /* PremiumFeatures.swift */ = {isa = PBXFileReference; lastKnownFileType = sourcecode.swift; path = PremiumFeatures.swift; sourceTree = "<group>"; };
		A200012002 /* SubscriptionManager.swift */ = {isa = PBXFileReference; lastKnownFileType = sourcecode.swift; path = SubscriptionManager.swift; sourceTree = "<group>"; };
		A200012003 /* UpgradeView.swift */ = {isa = PBXFileReference; lastKnownFileType = sourcecode.swift; path = UpgradeView.swift; sourceTree = "<group>"; };
		A200012004 /* UpgradePromptSheet.swift */ = {isa = PBXFileReference; lastKnownFileType = sourcecode.swift; path = UpgradePromptSheet.swift; sourceTree = "<group>"; };
		A200012005 /* PremiumSettingsSection.swift */ = {isa = PBXFileReference; lastKnownFileType = sourcecode.swift; path = PremiumSettingsSection.swift; sourceTree = "<group>"; };
		A200013001 /* PersonRow.swift */ = {isa = PBXFileReference; lastKnownFileType = sourcecode.swift; path = PersonRow.swift; sourceTree = "<group>"; };
		A200013002 /* AddPersonView.swift */ = {isa = PBXFileReference; lastKnownFileType = sourcecode.swift; path = AddPersonView.swift; sourceTree = "<group>"; };
		A200013003 /* PeopleListView.swift */ = {isa = PBXFileReference; lastKnownFileType = sourcecode.swift; path = PeopleListView.swift; sourceTree = "<group>"; };
		A200013004 /* MeetingExportService.swift */ = {isa = PBXFileReference; lastKnownFileType = sourcecode.swift; path = MeetingExportService.swift; sourceTree = "<group>"; };
		A2000006010 /* ExportMeetingView.swift */ = {isa = PBXFileReference; lastKnownFileType = sourcecode.swift; path = ExportMeetingView.swift; sourceTree = "<group>"; };
		A2000006011 /* QuickExportButton.swift */ = {isa = PBXFileReference; lastKnownFileType = sourcecode.swift; path = QuickExportButton.swift; sourceTree = "<group>"; };
		A200013005 /* ExportSettingsSection.swift */ = {isa = PBXFileReference; lastKnownFileType = sourcecode.swift; path = ExportSettingsSection.swift; sourceTree = "<group>"; };
		A200013006 /* NoteImprovement.swift */ = {isa = PBXFileReference; lastKnownFileType = sourcecode.swift; path = NoteImprovement.swift; sourceTree = "<group>"; };
		A2000006012 /* ImprovementPreviewSheet.swift */ = {isa = PBXFileReference; lastKnownFileType = sourcecode.swift; path = ImprovementPreviewSheet.swift; sourceTree = "<group>"; };
		A2000006013 /* SmartNotesSheet.swift */ = {isa = PBXFileReference; lastKnownFileType = sourcecode.swift; path = SmartNotesSheet.swift; sourceTree = "<group>"; };
		A200014001 /* SDManager.swift */ = {isa = PBXFileReference; lastKnownFileType = sourcecode.swift; path = SDManager.swift; sourceTree = "<group>"; };
		A200014002 /* SDMeeting.swift */ = {isa = PBXFileReference; lastKnownFileType = sourcecode.swift; path = SDMeeting.swift; sourceTree = "<group>"; };
		A200014003 /* SDAgendaItem.swift */ = {isa = PBXFileReference; lastKnownFileType = sourcecode.swift; path = SDAgendaItem.swift; sourceTree = "<group>"; };
		A200014004 /* SDActionItem.swift */ = {isa = PBXFileReference; lastKnownFileType = sourcecode.swift; path = SDActionItem.swift; sourceTree = "<group>"; };
		A200014005 /* SDCareerGoal.swift */ = {isa = PBXFileReference; lastKnownFileType = sourcecode.swift; path = SDCareerGoal.swift; sourceTree = "<group>"; };
		A200014006 /* SDAchievement.swift */ = {isa = PBXFileReference; lastKnownFileType = sourcecode.swift; path = SDAchievement.swift; sourceTree = "<group>"; };
		A200014007 /* DataManager.swift */ = {isa = PBXFileReference; lastKnownFileType = sourcecode.swift; path = DataManager.swift; sourceTree = "<group>"; };
		A3000001001 /* CareerCompanion.app */ = {isa = PBXFileReference; explicitFileType = wrapper.application; includeInIndex = 0; path = CareerCompanion.app; sourceTree = BUILT_PRODUCTS_DIR; };
		B2000001001 /* WidgetBundle.swift */ = {isa = PBXFileReference; lastKnownFileType = sourcecode.swift; path = WidgetBundle.swift; sourceTree = "<group>"; };
		B2000001002 /* ActionItemsWidget.swift */ = {isa = PBXFileReference; lastKnownFileType = sourcecode.swift; path = ActionItemsWidget.swift; sourceTree = "<group>"; };
		B2000001003 /* NextMeetingWidget.swift */ = {isa = PBXFileReference; lastKnownFileType = sourcecode.swift; path = NextMeetingWidget.swift; sourceTree = "<group>"; };
		B2000001004 /* CareerGoalsWidget.swift */ = {isa = PBXFileReference; lastKnownFileType = sourcecode.swift; path = CareerGoalsWidget.swift; sourceTree = "<group>"; };
		B200000B001 /* Info.plist */ = {isa = PBXFileReference; lastKnownFileType = text.plist.xml; path = Info.plist; sourceTree = "<group>"; };
		B200000C001 /* CareerCompanionWidget.entitlements */ = {isa = PBXFileReference; lastKnownFileType = text.plist.entitlements; path = CareerCompanionWidget.entitlements; sourceTree = "<group>"; };
		B3000001001 /* CareerCompanionWidgetExtension.appex */ = {isa = PBXFileReference; explicitFileType = "wrapper.app-extension"; includeInIndex = 0; path = CareerCompanionWidgetExtension.appex; sourceTree = BUILT_PRODUCTS_DIR; };
		W2000001001 /* CareerCompanionWatchApp.swift */ = {isa = PBXFileReference; lastKnownFileType = sourcecode.swift; path = CareerCompanionWatchApp.swift; sourceTree = "<group>"; };
		W2000001002 /* WatchHomeView.swift */ = {isa = PBXFileReference; lastKnownFileType = sourcecode.swift; path = WatchHomeView.swift; sourceTree = "<group>"; };
		W2000001004 /* WatchMeetingDetailView.swift */ = {isa = PBXFileReference; lastKnownFileType = sourcecode.swift; path = WatchMeetingDetailView.swift; sourceTree = "<group>"; };
		W2000001007 /* WatchSessionManager.swift */ = {isa = PBXFileReference; lastKnownFileType = sourcecode.swift; path = WatchSessionManager.swift; sourceTree = "<group>"; };
		W200000A001 /* Assets.xcassets */ = {isa = PBXFileReference; lastKnownFileType = folder.assetcatalog; path = Assets.xcassets; sourceTree = "<group>"; };
		W200000B001 /* Info.plist */ = {isa = PBXFileReference; lastKnownFileType = text.plist.xml; path = Info.plist; sourceTree = "<group>"; };
		W3000001001 /* CareerCompanionWatch.app */ = {isa = PBXFileReference; explicitFileType = wrapper.application; includeInIndex = 0; path = CareerCompanionWatch.app; sourceTree = BUILT_PRODUCTS_DIR; };
/* End PBXFileReference section */

/* Begin PBXFrameworksBuildPhase section */
		A6000001001 /* Frameworks */ = {
			isa = PBXFrameworksBuildPhase;
			buildActionMask = 2147483647;
			files = (
			);
			runOnlyForDeploymentPostprocessing = 0;
		};
		B6000001001 /* Frameworks */ = {
			isa = PBXFrameworksBuildPhase;
			buildActionMask = 2147483647;
			files = (
			);
			runOnlyForDeploymentPostprocessing = 0;
		};
		W6000001001 /* Frameworks */ = {
			isa = PBXFrameworksBuildPhase;
			buildActionMask = 2147483647;
			files = (
			);
			runOnlyForDeploymentPostprocessing = 0;
		};
/* End PBXFrameworksBuildPhase section */

/* Begin PBXGroup section */
		C0292BCF2F0705760025E8A5 /* Recovered References */ = {
			isa = PBXGroup;
			children = (
				A200010001 /* CareerCompanion/Core/DemoData/DemoDataProvider.swift */,
			);
			name = "Recovered References";
			sourceTree = "<group>";
		};
		C2000001001 = {
			isa = PBXGroup;
			children = (
				C2000002001 /* CareerCompanion */,
				C2000003001 /* CareerCompanionWidget */,
				C2000005001 /* CareerCompanionWatch */,
				C2000004001 /* Products */,
				C0292BCF2F0705760025E8A5 /* Recovered References */,
			);
			sourceTree = "<group>";
		};
		C2000002001 /* CareerCompanion */ = {
			isa = PBXGroup;
			children = (
				A2000001001 /* CareerCompanionApp.swift */,
				C2000002002 /* Core */,
				C2000002003 /* Design */,
				C2000002004 /* Features */,
				C2000002005 /* Resources */,
				A200000B001 /* Info.plist */,
				A200000C001 /* CareerCompanion.entitlements */,
			);
			path = CareerCompanion;
			sourceTree = "<group>";
		};
		C2000002002 /* Core */ = {
			isa = PBXGroup;
			children = (
				C2000002006 /* CloudKit */,
				C2000014001 /* SwiftData */,
				C2000002007 /* Models */,
				C200000200F /* Services */,
				C2000002010 /* Intents */,
			);
			path = Core;
			sourceTree = "<group>";
		};
		C2000002003 /* Design */ = {
			isa = PBXGroup;
			children = (
				A2000004001 /* Colors.swift */,
				A2000004002 /* Typography.swift */,
				A2000004003 /* Spacing.swift */,
				A2000004004 /* Theme.swift */,
				C2000002008 /* Components */,
			);
			path = Design;
			sourceTree = "<group>";
		};
		C2000002004 /* Features */ = {
			isa = PBXGroup;
			children = (
				C2000002009 /* Home */,
				C200000200A /* Meetings */,
				C200000200B /* ActionItems */,
				C200000200C /* Career */,
				C200000200D /* Settings */,
				C200000200E /* Onboarding */,
				C2000002011 /* Premium */,
				C2000002012 /* People */,
			);
			path = Features;
			sourceTree = "<group>";
		};
		C2000002005 /* Resources */ = {
			isa = PBXGroup;
			children = (
				A200000A001 /* Assets.xcassets */,
			);
			path = Resources;
			sourceTree = "<group>";
		};
		C2000002006 /* CloudKit */ = {
			isa = PBXGroup;
			children = (
				A2000002001 /* CloudKitRecordable.swift */,
				A2000002002 /* CloudKitManager.swift */,
			);
			path = CloudKit;
			sourceTree = "<group>";
		};
		C2000014001 /* SwiftData */ = {
			isa = PBXGroup;
			children = (
				C2000014002 /* Models */,
				A200014007 /* DataManager.swift */,
			);
			path = SwiftData;
			sourceTree = "<group>";
		};
		C2000014002 /* Models */ = {
			isa = PBXGroup;
			children = (
				A200014001 /* SDManager.swift */,
				A200014002 /* SDMeeting.swift */,
				A200014003 /* SDAgendaItem.swift */,
				A200014004 /* SDActionItem.swift */,
				A200014005 /* SDCareerGoal.swift */,
				A200014006 /* SDAchievement.swift */,
			);
			path = Models;
			sourceTree = "<group>";
		};
		C2000002007 /* Models */ = {
			isa = PBXGroup;
			children = (
				A2000003001 /* Enums.swift */,
				A2000003002 /* Manager.swift */,
				A2000003003 /* Meeting.swift */,
				A2000003004 /* AgendaItem.swift */,
				A2000003005 /* ActionItem.swift */,
				A2000003006 /* CareerGoal.swift */,
				A2000003007 /* Achievement.swift */,
				A2000003008 /* AppSettings.swift */,
				A2000003009 /* RecurrenceRule.swift */,
				A200013006 /* NoteImprovement.swift */,
				A200012001 /* PremiumFeatures.swift */,
			);
			path = Models;
			sourceTree = "<group>";
		};
		C2000002008 /* Components */ = {
			isa = PBXGroup;
			children = (
				A2000004101 /* Card.swift */,
				A2000004102 /* EmptyState.swift */,
				A2000004103 /* ProgressRing.swift */,
				A2000004104 /* SentimentPicker.swift */,
			);
			path = Components;
			sourceTree = "<group>";
		};
		C2000002009 /* Home */ = {
			isa = PBXGroup;
			children = (
				A2000005001 /* HomeView.swift */,
				A2000005002 /* HomeViewModel.swift */,
				A2000005003 /* ActionItemsSection.swift */,
				A2000005004 /* UpcomingMeetingCard.swift */,
				A2000005005 /* CareerProgressCard.swift */,
				A2000005006 /* ICDashboardView.swift */,
				A2000005007 /* ManagerDashboardView.swift */,
			);
			path = Home;
			sourceTree = "<group>";
		};
		C200000200A /* Meetings */ = {
			isa = PBXGroup;
			children = (
				A2000006001 /* MeetingsListView.swift */,
				A2000006002 /* MeetingsViewModel.swift */,
				A2000006003 /* AgendaBuilderView.swift */,
				A2000006004 /* AgendaBuilderViewModel.swift */,
				A2000006005 /* ShareAgendaView.swift */,
				A2000006006 /* ActiveMeetingView.swift */,
				A2000006007 /* ActiveMeetingViewModel.swift */,
				A2000006008 /* MeetingDetailView.swift */,
				A2000006009 /* CustomRecurrencePicker.swift */,
				A2000006010 /* ExportMeetingView.swift */,
				A2000006011 /* QuickExportButton.swift */,
				C200000600C /* Components */,
			);
			path = Meetings;
			sourceTree = "<group>";
		};
		C200000600C /* Components */ = {
			isa = PBXGroup;
			children = (
				A2000006012 /* ImprovementPreviewSheet.swift */,
				A2000006013 /* SmartNotesSheet.swift */,
			);
			path = Components;
			sourceTree = "<group>";
		};
		C200000200B /* ActionItems */ = {
			isa = PBXGroup;
			children = (
				A2000007001 /* ActionItemsListView.swift */,
				A2000007002 /* ActionItemsViewModel.swift */,
				A2000007003 /* ActionItemDetailView.swift */,
				A2000007004 /* AddActionItemView.swift */,
			);
			path = ActionItems;
			sourceTree = "<group>";
		};
		C200000200C /* Career */ = {
			isa = PBXGroup;
			children = (
				A2000008001 /* CareerHomeView.swift */,
				A2000008002 /* CareerHomeViewModel.swift */,
				A2000008003 /* GoalsListView.swift */,
				A2000008004 /* GoalDetailView.swift */,
				A2000008005 /* AddGoalView.swift */,
				A2000008006 /* AchievementDetailView.swift */,
				A2000008007 /* AddAchievementView.swift */,
				A2000008008 /* ReportBuilderView.swift */,
			);
			path = Career;
			sourceTree = "<group>";
		};
		C200000200D /* Settings */ = {
			isa = PBXGroup;
			children = (
				A2000009001 /* SettingsView.swift */,
				A200011002 /* ExportView.swift */,
				A200011003 /* ImportView.swift */,
				A200011008 /* ManageTypesView.swift */,
				A200012005 /* PremiumSettingsSection.swift */,
				A200013005 /* ExportSettingsSection.swift */,
			);
			path = Settings;
			sourceTree = "<group>";
		};
		C200000200E /* Onboarding */ = {
			isa = PBXGroup;
			children = (
				A2000009002 /* OnboardingView.swift */,
				A2000009003 /* DemoModeSheet.swift */,
				A2000009004 /* SplashScreenView.swift */,
			);
			path = Onboarding;
			sourceTree = "<group>";
		};
		C200000200F /* Services */ = {
			isa = PBXGroup;
			children = (
				A200011001 /* ExportImportService.swift */,
				A200011004 /* CalendarManager.swift */,
				A200011005 /* AIManager.swift */,
				A200011009 /* WatchSessionManager.swift */,
				A200012002 /* SubscriptionManager.swift */,
				A200013004 /* MeetingExportService.swift */,
			);
			path = Services;
			sourceTree = "<group>";
		};
		C2000002010 /* Intents */ = {
			isa = PBXGroup;
			children = (
				A200011006 /* AppIntents.swift */,
				A200011007 /* ShortcutsManager.swift */,
			);
			path = Intents;
			sourceTree = "<group>";
		};
		C2000002011 /* Premium */ = {
			isa = PBXGroup;
			children = (
				A200012003 /* UpgradeView.swift */,
				A200012004 /* UpgradePromptSheet.swift */,
			);
			path = Premium;
			sourceTree = "<group>";
		};
		C2000002012 /* People */ = {
			isa = PBXGroup;
			children = (
				A200013001 /* PersonRow.swift */,
				A200013002 /* AddPersonView.swift */,
				A200013003 /* PeopleListView.swift */,
			);
			path = People;
			sourceTree = "<group>";
		};
		C2000003001 /* CareerCompanionWidget */ = {
			isa = PBXGroup;
			children = (
				B2000001001 /* WidgetBundle.swift */,
				B2000001002 /* ActionItemsWidget.swift */,
				B2000001003 /* NextMeetingWidget.swift */,
				B2000001004 /* CareerGoalsWidget.swift */,
				B200000B001 /* Info.plist */,
				B200000C001 /* CareerCompanionWidget.entitlements */,
			);
			path = CareerCompanionWidget;
			sourceTree = "<group>";
		};
		C2000004001 /* Products */ = {
			isa = PBXGroup;
			children = (
				A3000001001 /* CareerCompanion.app */,
				B3000001001 /* CareerCompanionWidgetExtension.appex */,
				W3000001001 /* CareerCompanionWatch.app */,
			);
			name = Products;
			sourceTree = "<group>";
		};
		C2000005001 /* CareerCompanionWatch */ = {
			isa = PBXGroup;
			children = (
				W2000001001 /* CareerCompanionWatchApp.swift */,
				W2000001002 /* WatchHomeView.swift */,
				W2000001004 /* WatchMeetingDetailView.swift */,
				W2000001007 /* WatchSessionManager.swift */,
				W200000A001 /* Assets.xcassets */,
				W200000B001 /* Info.plist */,
			);
			path = CareerCompanionWatch;
			sourceTree = "<group>";
		};
/* End PBXGroup section */

/* Begin PBXNativeTarget section */
		A3000002001 /* CareerCompanion */ = {
			isa = PBXNativeTarget;
			buildConfigurationList = D1000001001 /* Build configuration list for PBXNativeTarget "CareerCompanion" */;
			buildPhases = (
				A7000001001 /* Sources */,
				A6000001001 /* Frameworks */,
				A8000001001 /* Resources */,
				B5000001001 /* Embed Foundation Extensions */,
			);
			buildRules = (
			);
			dependencies = (
				B4000002001 /* PBXTargetDependency */,
			);
			name = CareerCompanion;
			productName = CareerCompanion;
			productReference = A3000001001 /* CareerCompanion.app */;
			productType = "com.apple.product-type.application";
		};
		B3000002001 /* CareerCompanionWidgetExtension */ = {
			isa = PBXNativeTarget;
			buildConfigurationList = D1000002001 /* Build configuration list for PBXNativeTarget "CareerCompanionWidgetExtension" */;
			buildPhases = (
				B7000001001 /* Sources */,
				B6000001001 /* Frameworks */,
				B8000001001 /* Resources */,
			);
			buildRules = (
			);
			dependencies = (
			);
			name = CareerCompanionWidgetExtension;
			productName = CareerCompanionWidgetExtension;
			productReference = B3000001001 /* CareerCompanionWidgetExtension.appex */;
			productType = "com.apple.product-type.app-extension";
		};
		W3000002001 /* CareerCompanionWatch */ = {
			isa = PBXNativeTarget;
			buildConfigurationList = D1000004001 /* Build configuration list for PBXNativeTarget "CareerCompanionWatch" */;
			buildPhases = (
				W7000001001 /* Sources */,
				W6000001001 /* Frameworks */,
				W8000001001 /* Resources */,
			);
			buildRules = (
			);
			dependencies = (
			);
			name = CareerCompanionWatch;
			productName = CareerCompanionWatch;
			productReference = W3000001001 /* CareerCompanionWatch.app */;
			productType = "com.apple.product-type.application";
		};
/* End PBXNativeTarget section */

/* Begin PBXProject section */
		C1000001001 /* Project object */ = {
			isa = PBXProject;
			attributes = {
				BuildIndependentTargetsInParallel = 1;
				LastSwiftUpdateCheck = 1500;
				LastUpgradeCheck = 2620;
				TargetAttributes = {
					A3000002001 = {
						CreatedOnToolsVersion = 15.0;
					};
					B3000002001 = {
						CreatedOnToolsVersion = 15.0;
					};
					W3000002001 = {
						CreatedOnToolsVersion = 15.0;
					};
				};
			};
			buildConfigurationList = D1000003001 /* Build configuration list for PBXProject "CareerCompanion" */;
			compatibilityVersion = "Xcode 14.0";
			developmentRegion = en;
			hasScannedForEncodings = 0;
			knownRegions = (
				en,
				Base,
			);
			mainGroup = C2000001001;
			productRefGroup = C2000004001 /* Products */;
			projectDirPath = "";
			projectRoot = "";
			targets = (
				A3000002001 /* CareerCompanion */,
				B3000002001 /* CareerCompanionWidgetExtension */,
				W3000002001 /* CareerCompanionWatch */,
			);
		};
/* End PBXProject section */

/* Begin PBXResourcesBuildPhase section */
		A8000001001 /* Resources */ = {
			isa = PBXResourcesBuildPhase;
			buildActionMask = 2147483647;
			files = (
				A100000A001 /* Assets.xcassets in Resources */,
			);
			runOnlyForDeploymentPostprocessing = 0;
		};
		B8000001001 /* Resources */ = {
			isa = PBXResourcesBuildPhase;
			buildActionMask = 2147483647;
			files = (
			);
			runOnlyForDeploymentPostprocessing = 0;
		};
		W8000001001 /* Resources */ = {
			isa = PBXResourcesBuildPhase;
			buildActionMask = 2147483647;
			files = (
				W100000A001 /* Assets.xcassets in Resources */,
			);
			runOnlyForDeploymentPostprocessing = 0;
		};
/* End PBXResourcesBuildPhase section */

/* Begin PBXSourcesBuildPhase section */
		A7000001001 /* Sources */ = {
			isa = PBXSourcesBuildPhase;
			buildActionMask = 2147483647;
			files = (
				A1000001001 /* CareerCompanionApp.swift in Sources */,
				A1000002001 /* CloudKitRecordable.swift in Sources */,
				A1000002002 /* CloudKitManager.swift in Sources */,
				A1000003001 /* Enums.swift in Sources */,
				A1000003002 /* Manager.swift in Sources */,
				A1000003003 /* Meeting.swift in Sources */,
				A1000003004 /* AgendaItem.swift in Sources */,
				A1000003005 /* ActionItem.swift in Sources */,
				A1000003006 /* CareerGoal.swift in Sources */,
				A1000003007 /* Achievement.swift in Sources */,
				A1000004001 /* Colors.swift in Sources */,
				A1000004002 /* Typography.swift in Sources */,
				A1000004003 /* Spacing.swift in Sources */,
				A1000004004 /* Theme.swift in Sources */,
				A1000004101 /* Card.swift in Sources */,
				A1000004102 /* EmptyState.swift in Sources */,
				A1000004103 /* ProgressRing.swift in Sources */,
				A1000004104 /* SentimentPicker.swift in Sources */,
				A1000005001 /* HomeView.swift in Sources */,
				A1000005002 /* HomeViewModel.swift in Sources */,
				A1000005003 /* ActionItemsSection.swift in Sources */,
				A1000005004 /* UpcomingMeetingCard.swift in Sources */,
				A1000005005 /* CareerProgressCard.swift in Sources */,
				A1000006001 /* MeetingsListView.swift in Sources */,
				A1000006002 /* MeetingsViewModel.swift in Sources */,
				A1000006003 /* AgendaBuilderView.swift in Sources */,
				A1000006004 /* AgendaBuilderViewModel.swift in Sources */,
				A1000006005 /* ShareAgendaView.swift in Sources */,
				A1000006006 /* ActiveMeetingView.swift in Sources */,
				A1000006007 /* ActiveMeetingViewModel.swift in Sources */,
				A1000006008 /* MeetingDetailView.swift in Sources */,
				A1000007001 /* ActionItemsListView.swift in Sources */,
				A1000007002 /* ActionItemsViewModel.swift in Sources */,
				A1000007003 /* ActionItemDetailView.swift in Sources */,
				A1000007004 /* AddActionItemView.swift in Sources */,
				A1000008001 /* CareerHomeView.swift in Sources */,
				A1000008002 /* CareerHomeViewModel.swift in Sources */,
				A1000008003 /* GoalsListView.swift in Sources */,
				A1000008004 /* GoalDetailView.swift in Sources */,
				A1000008005 /* AddGoalView.swift in Sources */,
				A1000008006 /* AchievementDetailView.swift in Sources */,
				A1000008007 /* AddAchievementView.swift in Sources */,
				A1000008008 /* ReportBuilderView.swift in Sources */,
				A1000009001 /* SettingsView.swift in Sources */,
				A1000009002 /* OnboardingView.swift in Sources */,
				A1000009003 /* DemoModeSheet.swift in Sources */,
				A1000009004 /* SplashScreenView.swift in Sources */,
				A1000003008 /* AppSettings.swift in Sources */,
				A1000003009 /* RecurrenceRule.swift in Sources */,
				A1000006009 /* CustomRecurrencePicker.swift in Sources */,
				A1000005006 /* ICDashboardView.swift in Sources */,
				A1000005007 /* ManagerDashboardView.swift in Sources */,
				A100010001 /* CareerCompanion/Core/DemoData/DemoDataProvider.swift in Sources */,
				A100011001 /* ExportImportService.swift in Sources */,
				A100011002 /* ExportView.swift in Sources */,
				A100011003 /* ImportView.swift in Sources */,
				A100011004 /* CalendarManager.swift in Sources */,
				A100011005 /* AIManager.swift in Sources */,
				A100011006 /* AppIntents.swift in Sources */,
				A100011007 /* ShortcutsManager.swift in Sources */,
				A100011008 /* ManageTypesView.swift in Sources */,
				A100011009 /* WatchSessionManager.swift in Sources */,
				A100012001 /* PremiumFeatures.swift in Sources */,
				A100012002 /* SubscriptionManager.swift in Sources */,
				A100012003 /* UpgradeView.swift in Sources */,
				A100012004 /* UpgradePromptSheet.swift in Sources */,
				A100012005 /* PremiumSettingsSection.swift in Sources */,
				A100013001 /* PersonRow.swift in Sources */,
				A100013002 /* AddPersonView.swift in Sources */,
				A100013003 /* PeopleListView.swift in Sources */,
				A100013004 /* MeetingExportService.swift in Sources */,
				A1000006010 /* ExportMeetingView.swift in Sources */,
				A1000006011 /* QuickExportButton.swift in Sources */,
				A100013005 /* ExportSettingsSection.swift in Sources */,
				A100013006 /* NoteImprovement.swift in Sources */,
				A1000006012 /* ImprovementPreviewSheet.swift in Sources */,
				A1000006013 /* SmartNotesSheet.swift in Sources */,
				A100014001 /* SDManager.swift in Sources */,
				A100014002 /* SDMeeting.swift in Sources */,
				A100014003 /* SDAgendaItem.swift in Sources */,
				A100014004 /* SDActionItem.swift in Sources */,
				A100014005 /* SDCareerGoal.swift in Sources */,
				A100014006 /* SDAchievement.swift in Sources */,
				A100014007 /* DataManager.swift in Sources */,
			);
			runOnlyForDeploymentPostprocessing = 0;
		};
		B7000001001 /* Sources */ = {
			isa = PBXSourcesBuildPhase;
			buildActionMask = 2147483647;
			files = (
				B1000001001 /* WidgetBundle.swift in Sources */,
				B1000001002 /* ActionItemsWidget.swift in Sources */,
				B1000001003 /* NextMeetingWidget.swift in Sources */,
				B1000001004 /* CareerGoalsWidget.swift in Sources */,
				B1000002001 /* CloudKitRecordable.swift in Sources */,
				B1000002002 /* CloudKitManager.swift in Sources */,
				B1000003001 /* Enums.swift in Sources */,
				B1000003002 /* Manager.swift in Sources */,
				B1000003003 /* Meeting.swift in Sources */,
				B1000003005 /* ActionItem.swift in Sources */,
				B1000003006 /* CareerGoal.swift in Sources */,
				B1000003009 /* RecurrenceRule.swift in Sources */,
			);
			runOnlyForDeploymentPostprocessing = 0;
		};
		W7000001001 /* Sources */ = {
			isa = PBXSourcesBuildPhase;
			buildActionMask = 2147483647;
			files = (
				W1000001001 /* CareerCompanionWatchApp.swift in Sources */,
				W1000001002 /* WatchHomeView.swift in Sources */,
				W1000001004 /* WatchMeetingDetailView.swift in Sources */,
				W1000001007 /* WatchSessionManager.swift in Sources */,
				W1000002001 /* CloudKitRecordable.swift in Sources */,
				W1000002002 /* CloudKitManager.swift in Sources */,
				W1000003001 /* Enums.swift in Sources */,
				W1000003002 /* Manager.swift in Sources */,
				W1000003003 /* Meeting.swift in Sources */,
				W1000003005 /* ActionItem.swift in Sources */,
				W1000003008 /* AppSettings.swift in Sources */,
				W1000003009 /* RecurrenceRule.swift in Sources */,
				W1000010001 /* CareerCompanion/Core/DemoData/DemoDataProvider.swift in Sources */,
			);
			runOnlyForDeploymentPostprocessing = 0;
		};
/* End PBXSourcesBuildPhase section */

/* Begin PBXTargetDependency section */
		B4000002001 /* PBXTargetDependency */ = {
			isa = PBXTargetDependency;
			target = B3000002001 /* CareerCompanionWidgetExtension */;
			targetProxy = B4000001001 /* PBXContainerItemProxy */;
		};
/* End PBXTargetDependency section */

/* Begin XCBuildConfiguration section */
		D2000001001 /* Debug */ = {
			isa = XCBuildConfiguration;
			buildSettings = {
				ALWAYS_SEARCH_USER_PATHS = NO;
				ASSETCATALOG_COMPILER_GENERATE_SWIFT_ASSET_SYMBOL_EXTENSIONS = YES;
				CLANG_ANALYZER_NONNULL = YES;
				CLANG_ANALYZER_NUMBER_OBJECT_CONVERSION = YES_AGGRESSIVE;
				CLANG_CXX_LANGUAGE_STANDARD = "gnu++20";
				CLANG_ENABLE_MODULES = YES;
				CLANG_ENABLE_OBJC_ARC = YES;
				CLANG_ENABLE_OBJC_WEAK = YES;
				CLANG_WARN_BLOCK_CAPTURE_AUTORELEASING = YES;
				CLANG_WARN_BOOL_CONVERSION = YES;
				CLANG_WARN_COMMA = YES;
				CLANG_WARN_CONSTANT_CONVERSION = YES;
				CLANG_WARN_DEPRECATED_OBJC_IMPLEMENTATIONS = YES;
				CLANG_WARN_DIRECT_OBJC_ISA_USAGE = YES_ERROR;
				CLANG_WARN_DOCUMENTATION_COMMENTS = YES;
				CLANG_WARN_EMPTY_BODY = YES;
				CLANG_WARN_ENUM_CONVERSION = YES;
				CLANG_WARN_INFINITE_RECURSION = YES;
				CLANG_WARN_INT_CONVERSION = YES;
				CLANG_WARN_NON_LITERAL_NULL_CONVERSION = YES;
				CLANG_WARN_OBJC_IMPLICIT_RETAIN_SELF = YES;
				CLANG_WARN_OBJC_LITERAL_CONVERSION = YES;
				CLANG_WARN_OBJC_ROOT_CLASS = YES_ERROR;
				CLANG_WARN_QUOTED_INCLUDE_IN_FRAMEWORK_HEADER = YES;
				CLANG_WARN_RANGE_LOOP_ANALYSIS = YES;
				CLANG_WARN_STRICT_PROTOTYPES = YES;
				CLANG_WARN_SUSPICIOUS_MOVE = YES;
				CLANG_WARN_UNGUARDED_AVAILABILITY = YES_AGGRESSIVE;
				CLANG_WARN_UNREACHABLE_CODE = YES;
				CLANG_WARN__DUPLICATE_METHOD_MATCH = YES;
				COPY_PHASE_STRIP = NO;
				DEBUG_INFORMATION_FORMAT = dwarf;
				ENABLE_STRICT_OBJC_MSGSEND = YES;
				ENABLE_TESTABILITY = YES;
				ENABLE_USER_SCRIPT_SANDBOXING = YES;
				GCC_C_LANGUAGE_STANDARD = gnu17;
				GCC_DYNAMIC_NO_PIC = NO;
				GCC_NO_COMMON_BLOCKS = YES;
				GCC_OPTIMIZATION_LEVEL = 0;
				GCC_PREPROCESSOR_DEFINITIONS = (
					"DEBUG=1",
					"$(inherited)",
				);
				GCC_WARN_64_TO_32_BIT_CONVERSION = YES;
				GCC_WARN_ABOUT_RETURN_TYPE = YES_ERROR;
				GCC_WARN_UNDECLARED_SELECTOR = YES;
				GCC_WARN_UNINITIALIZED_AUTOS = YES_AGGRESSIVE;
				GCC_WARN_UNUSED_FUNCTION = YES;
				GCC_WARN_UNUSED_VARIABLE = YES;
				IPHONEOS_DEPLOYMENT_TARGET = 18.0;
				LOCALIZATION_PREFERS_STRING_CATALOGS = YES;
				MTL_ENABLE_DEBUG_INFO = INCLUDE_SOURCE;
				MTL_FAST_MATH = YES;
				ONLY_ACTIVE_ARCH = YES;
				SDKROOT = iphoneos;
				STRING_CATALOG_GENERATE_SYMBOLS = YES;
				SWIFT_ACTIVE_COMPILATION_CONDITIONS = "DEBUG $(inherited)";
				SWIFT_OPTIMIZATION_LEVEL = "-Onone";
			};
			name = Debug;
		};
		D2000002001 /* Release */ = {
			isa = XCBuildConfiguration;
			buildSettings = {
				ALWAYS_SEARCH_USER_PATHS = NO;
				ASSETCATALOG_COMPILER_GENERATE_SWIFT_ASSET_SYMBOL_EXTENSIONS = YES;
				CLANG_ANALYZER_NONNULL = YES;
				CLANG_ANALYZER_NUMBER_OBJECT_CONVERSION = YES_AGGRESSIVE;
				CLANG_CXX_LANGUAGE_STANDARD = "gnu++20";
				CLANG_ENABLE_MODULES = YES;
				CLANG_ENABLE_OBJC_ARC = YES;
				CLANG_ENABLE_OBJC_WEAK = YES;
				CLANG_WARN_BLOCK_CAPTURE_AUTORELEASING = YES;
				CLANG_WARN_BOOL_CONVERSION = YES;
				CLANG_WARN_COMMA = YES;
				CLANG_WARN_CONSTANT_CONVERSION = YES;
				CLANG_WARN_DEPRECATED_OBJC_IMPLEMENTATIONS = YES;
				CLANG_WARN_DIRECT_OBJC_ISA_USAGE = YES_ERROR;
				CLANG_WARN_DOCUMENTATION_COMMENTS = YES;
				CLANG_WARN_EMPTY_BODY = YES;
				CLANG_WARN_ENUM_CONVERSION = YES;
				CLANG_WARN_INFINITE_RECURSION = YES;
				CLANG_WARN_INT_CONVERSION = YES;
				CLANG_WARN_NON_LITERAL_NULL_CONVERSION = YES;
				CLANG_WARN_OBJC_IMPLICIT_RETAIN_SELF = YES;
				CLANG_WARN_OBJC_LITERAL_CONVERSION = YES;
				CLANG_WARN_OBJC_ROOT_CLASS = YES_ERROR;
				CLANG_WARN_QUOTED_INCLUDE_IN_FRAMEWORK_HEADER = YES;
				CLANG_WARN_RANGE_LOOP_ANALYSIS = YES;
				CLANG_WARN_STRICT_PROTOTYPES = YES;
				CLANG_WARN_SUSPICIOUS_MOVE = YES;
				CLANG_WARN_UNGUARDED_AVAILABILITY = YES_AGGRESSIVE;
				CLANG_WARN_UNREACHABLE_CODE = YES;
				CLANG_WARN__DUPLICATE_METHOD_MATCH = YES;
				COPY_PHASE_STRIP = NO;
				DEBUG_INFORMATION_FORMAT = "dwarf-with-dsym";
				ENABLE_NS_ASSERTIONS = NO;
				ENABLE_STRICT_OBJC_MSGSEND = YES;
				ENABLE_USER_SCRIPT_SANDBOXING = YES;
				GCC_C_LANGUAGE_STANDARD = gnu17;
				GCC_NO_COMMON_BLOCKS = YES;
				GCC_WARN_64_TO_32_BIT_CONVERSION = YES;
				GCC_WARN_ABOUT_RETURN_TYPE = YES_ERROR;
				GCC_WARN_UNDECLARED_SELECTOR = YES;
				GCC_WARN_UNINITIALIZED_AUTOS = YES_AGGRESSIVE;
				GCC_WARN_UNUSED_FUNCTION = YES;
				GCC_WARN_UNUSED_VARIABLE = YES;
				IPHONEOS_DEPLOYMENT_TARGET = 18.0;
				LOCALIZATION_PREFERS_STRING_CATALOGS = YES;
				MTL_ENABLE_DEBUG_INFO = NO;
				MTL_FAST_MATH = YES;
				SDKROOT = iphoneos;
				STRING_CATALOG_GENERATE_SYMBOLS = YES;
				SWIFT_COMPILATION_MODE = wholemodule;
				VALIDATE_PRODUCT = YES;
			};
			name = Release;
		};
		D2000003001 /* Debug */ = {
			isa = XCBuildConfiguration;
			buildSettings = {
				ASSETCATALOG_COMPILER_APPICON_NAME = AppIcon;
				ASSETCATALOG_COMPILER_GLOBAL_ACCENT_COLOR_NAME = AccentColor;
				CODE_SIGN_ENTITLEMENTS = CareerCompanion/CareerCompanion.entitlements;
				CODE_SIGN_STYLE = Automatic;
				CURRENT_PROJECT_VERSION = 1;
				DEVELOPMENT_TEAM = "";
				ENABLE_PREVIEWS = YES;
				GENERATE_INFOPLIST_FILE = YES;
				INFOPLIST_FILE = CareerCompanion/Info.plist;
				INFOPLIST_KEY_CFBundleDisplayName = "Career Companion";
				INFOPLIST_KEY_UIApplicationSceneManifest_Generation = YES;
				INFOPLIST_KEY_UIApplicationSupportsIndirectInputEvents = YES;
				INFOPLIST_KEY_UILaunchScreen_Generation = YES;
				INFOPLIST_KEY_UISupportedInterfaceOrientations_iPad = "UIInterfaceOrientationPortrait UIInterfaceOrientationPortraitUpsideDown UIInterfaceOrientationLandscapeLeft UIInterfaceOrientationLandscapeRight";
				INFOPLIST_KEY_UISupportedInterfaceOrientations_iPhone = "UIInterfaceOrientationPortrait UIInterfaceOrientationLandscapeLeft UIInterfaceOrientationLandscapeRight";
				LD_RUNPATH_SEARCH_PATHS = (
					"$(inherited)",
					"@executable_path/Frameworks",
				);
				MARKETING_VERSION = 1.0;
				PRODUCT_BUNDLE_IDENTIFIER = com.careercompanion.app;
				PRODUCT_NAME = "$(TARGET_NAME)";
				SWIFT_EMIT_LOC_STRINGS = YES;
				SWIFT_VERSION = 5.0;
				TARGETED_DEVICE_FAMILY = "1,2";
			};
			name = Debug;
		};
		D2000004001 /* Release */ = {
			isa = XCBuildConfiguration;
			buildSettings = {
				ASSETCATALOG_COMPILER_APPICON_NAME = AppIcon;
				ASSETCATALOG_COMPILER_GLOBAL_ACCENT_COLOR_NAME = AccentColor;
				CODE_SIGN_ENTITLEMENTS = CareerCompanion/CareerCompanion.entitlements;
				CODE_SIGN_STYLE = Automatic;
				CURRENT_PROJECT_VERSION = 1;
				DEVELOPMENT_TEAM = "";
				ENABLE_PREVIEWS = YES;
				GENERATE_INFOPLIST_FILE = YES;
				INFOPLIST_FILE = CareerCompanion/Info.plist;
				INFOPLIST_KEY_CFBundleDisplayName = "Career Companion";
				INFOPLIST_KEY_UIApplicationSceneManifest_Generation = YES;
				INFOPLIST_KEY_UIApplicationSupportsIndirectInputEvents = YES;
				INFOPLIST_KEY_UILaunchScreen_Generation = YES;
				INFOPLIST_KEY_UISupportedInterfaceOrientations_iPad = "UIInterfaceOrientationPortrait UIInterfaceOrientationPortraitUpsideDown UIInterfaceOrientationLandscapeLeft UIInterfaceOrientationLandscapeRight";
				INFOPLIST_KEY_UISupportedInterfaceOrientations_iPhone = "UIInterfaceOrientationPortrait UIInterfaceOrientationLandscapeLeft UIInterfaceOrientationLandscapeRight";
				LD_RUNPATH_SEARCH_PATHS = (
					"$(inherited)",
					"@executable_path/Frameworks",
				);
				MARKETING_VERSION = 1.0;
				PRODUCT_BUNDLE_IDENTIFIER = com.careercompanion.app;
				PRODUCT_NAME = "$(TARGET_NAME)";
				SWIFT_EMIT_LOC_STRINGS = YES;
				SWIFT_VERSION = 5.0;
				TARGETED_DEVICE_FAMILY = "1,2";
			};
			name = Release;
		};
		D2000005001 /* Debug */ = {
			isa = XCBuildConfiguration;
			buildSettings = {
				ASSETCATALOG_COMPILER_GLOBAL_ACCENT_COLOR_NAME = AccentColor;
				ASSETCATALOG_COMPILER_WIDGET_BACKGROUND_COLOR_NAME = WidgetBackground;
				CODE_SIGN_ENTITLEMENTS = CareerCompanionWidget/CareerCompanionWidget.entitlements;
				CODE_SIGN_STYLE = Automatic;
				CURRENT_PROJECT_VERSION = 1;
				DEVELOPMENT_TEAM = "";
				GENERATE_INFOPLIST_FILE = YES;
				INFOPLIST_FILE = CareerCompanionWidget/Info.plist;
				INFOPLIST_KEY_CFBundleDisplayName = "Career Companion Widget";
				INFOPLIST_KEY_NSHumanReadableCopyright = "";
				LD_RUNPATH_SEARCH_PATHS = (
					"$(inherited)",
					"@executable_path/Frameworks",
					"@executable_path/../../Frameworks",
				);
				MARKETING_VERSION = 1.0;
				PRODUCT_BUNDLE_IDENTIFIER = com.careercompanion.app.widget;
				PRODUCT_NAME = "$(TARGET_NAME)";
				SKIP_INSTALL = YES;
				SWIFT_EMIT_LOC_STRINGS = YES;
				SWIFT_VERSION = 5.0;
				TARGETED_DEVICE_FAMILY = "1,2";
			};
			name = Debug;
		};
		D2000006001 /* Release */ = {
			isa = XCBuildConfiguration;
			buildSettings = {
				ASSETCATALOG_COMPILER_GLOBAL_ACCENT_COLOR_NAME = AccentColor;
				ASSETCATALOG_COMPILER_WIDGET_BACKGROUND_COLOR_NAME = WidgetBackground;
				CODE_SIGN_ENTITLEMENTS = CareerCompanionWidget/CareerCompanionWidget.entitlements;
				CODE_SIGN_STYLE = Automatic;
				CURRENT_PROJECT_VERSION = 1;
				DEVELOPMENT_TEAM = "";
				GENERATE_INFOPLIST_FILE = YES;
				INFOPLIST_FILE = CareerCompanionWidget/Info.plist;
				INFOPLIST_KEY_CFBundleDisplayName = "Career Companion Widget";
				INFOPLIST_KEY_NSHumanReadableCopyright = "";
				LD_RUNPATH_SEARCH_PATHS = (
					"$(inherited)",
					"@executable_path/Frameworks",
					"@executable_path/../../Frameworks",
				);
				MARKETING_VERSION = 1.0;
				PRODUCT_BUNDLE_IDENTIFIER = com.careercompanion.app.widget;
				PRODUCT_NAME = "$(TARGET_NAME)";
				SKIP_INSTALL = YES;
				SWIFT_EMIT_LOC_STRINGS = YES;
				SWIFT_VERSION = 5.0;
				TARGETED_DEVICE_FAMILY = "1,2";
			};
			name = Release;
		};
		D2000007001 /* Debug */ = {
			isa = XCBuildConfiguration;
			buildSettings = {
				ASSETCATALOG_COMPILER_APPICON_NAME = AppIcon;
				ASSETCATALOG_COMPILER_GLOBAL_ACCENT_COLOR_NAME = AccentColor;
				CODE_SIGN_STYLE = Automatic;
				CURRENT_PROJECT_VERSION = 1;
				DEVELOPMENT_TEAM = "";
				ENABLE_PREVIEWS = YES;
				GENERATE_INFOPLIST_FILE = YES;
				INFOPLIST_FILE = CareerCompanionWatch/Info.plist;
				INFOPLIST_KEY_CFBundleDisplayName = "Career Companion";
				INFOPLIST_KEY_WKCompanionAppBundleIdentifier = com.careercompanion.app;
				LD_RUNPATH_SEARCH_PATHS = (
					"$(inherited)",
					"@executable_path/Frameworks",
				);
				MARKETING_VERSION = 1.0;
				PRODUCT_BUNDLE_IDENTIFIER = com.careercompanion.app.watch;
				PRODUCT_NAME = "$(TARGET_NAME)";
				SDKROOT = watchos;
				SKIP_INSTALL = YES;
				SWIFT_EMIT_LOC_STRINGS = YES;
				SWIFT_VERSION = 5.0;
				TARGETED_DEVICE_FAMILY = 4;
				WATCHOS_DEPLOYMENT_TARGET = 10.0;
			};
			name = Debug;
		};
		D2000008001 /* Release */ = {
			isa = XCBuildConfiguration;
			buildSettings = {
				ASSETCATALOG_COMPILER_APPICON_NAME = AppIcon;
				ASSETCATALOG_COMPILER_GLOBAL_ACCENT_COLOR_NAME = AccentColor;
				CODE_SIGN_STYLE = Automatic;
				CURRENT_PROJECT_VERSION = 1;
				DEVELOPMENT_TEAM = "";
				ENABLE_PREVIEWS = YES;
				GENERATE_INFOPLIST_FILE = YES;
				INFOPLIST_FILE = CareerCompanionWatch/Info.plist;
				INFOPLIST_KEY_CFBundleDisplayName = "Career Companion";
				INFOPLIST_KEY_WKCompanionAppBundleIdentifier = com.careercompanion.app;
				LD_RUNPATH_SEARCH_PATHS = (
					"$(inherited)",
					"@executable_path/Frameworks",
				);
				MARKETING_VERSION = 1.0;
				PRODUCT_BUNDLE_IDENTIFIER = com.careercompanion.app.watch;
				PRODUCT_NAME = "$(TARGET_NAME)";
				SDKROOT = watchos;
				SKIP_INSTALL = YES;
				SWIFT_EMIT_LOC_STRINGS = YES;
				SWIFT_VERSION = 5.0;
				TARGETED_DEVICE_FAMILY = 4;
				WATCHOS_DEPLOYMENT_TARGET = 10.0;
			};
			name = Release;
		};
/* End XCBuildConfiguration section */

/* Begin XCConfigurationList section */
		D1000001001 /* Build configuration list for PBXNativeTarget "CareerCompanion" */ = {
			isa = XCConfigurationList;
			buildConfigurations = (
				D2000003001 /* Debug */,
				D2000004001 /* Release */,
			);
			defaultConfigurationIsVisible = 0;
			defaultConfigurationName = Release;
		};
		D1000002001 /* Build configuration list for PBXNativeTarget "CareerCompanionWidgetExtension" */ = {
			isa = XCConfigurationList;
			buildConfigurations = (
				D2000005001 /* Debug */,
				D2000006001 /* Release */,
			);
			defaultConfigurationIsVisible = 0;
			defaultConfigurationName = Release;
		};
		D1000003001 /* Build configuration list for PBXProject "CareerCompanion" */ = {
			isa = XCConfigurationList;
			buildConfigurations = (
				D2000001001 /* Debug */,
				D2000002001 /* Release */,
			);
			defaultConfigurationIsVisible = 0;
			defaultConfigurationName = Release;
		};
		D1000004001 /* Build configuration list for PBXNativeTarget "CareerCompanionWatch" */ = {
			isa = XCConfigurationList;
			buildConfigurations = (
				D2000007001 /* Debug */,
				D2000008001 /* Release */,
			);
			defaultConfigurationIsVisible = 0;
			defaultConfigurationName = Release;
		};
/* End XCConfigurationList section */
	};
	rootObject = C1000001001 /* Project object */;
}
